// !$*UTF8*$!
{
	archiveVersion = 1;
	classes = {
	};
	objectVersion = 50;
	objects = {

/* Begin PBXBuildFile section */
		BD980652231E9CA9003A2C86 /* AppDelegate.swift in Sources */ = {isa = PBXBuildFile; fileRef = BD980651231E9CA9003A2C86 /* AppDelegate.swift */; };
		BD980654231E9CA9003A2C86 /* ViewController.swift in Sources */ = {isa = PBXBuildFile; fileRef = BD980653231E9CA9003A2C86 /* ViewController.swift */; };
		BD980657231E9CA9003A2C86 /* Main.storyboard in Resources */ = {isa = PBXBuildFile; fileRef = BD980655231E9CA9003A2C86 /* Main.storyboard */; };
		BD98065A231E9CA9003A2C86 /* BlueEffect.xcdatamodeld in Sources */ = {isa = PBXBuildFile; fileRef = BD980658231E9CA9003A2C86 /* BlueEffect.xcdatamodeld */; };
		BD98065C231E9CAB003A2C86 /* Assets.xcassets in Resources */ = {isa = PBXBuildFile; fileRef = BD98065B231E9CAB003A2C86 /* Assets.xcassets */; };
		BD98065F231E9CAB003A2C86 /* LaunchScreen.storyboard in Resources */ = {isa = PBXBuildFile; fileRef = BD98065D231E9CAB003A2C86 /* LaunchScreen.storyboard */; };
		BD980667231E9D86003A2C86 /* UIView+Blur.swift in Sources */ = {isa = PBXBuildFile; fileRef = BD980666231E9D86003A2C86 /* UIView+Blur.swift */; };
/* End PBXBuildFile section */

/* Begin PBXFileReference section */
		BD98064E231E9CA9003A2C86 /* BlueEffect.app */ = {isa = PBXFileReference; explicitFileType = wrapper.application; includeInIndex = 0; path = BlueEffect.app; sourceTree = BUILT_PRODUCTS_DIR; };
		BD980651231E9CA9003A2C86 /* AppDelegate.swift */ = {isa = PBXFileReference; lastKnownFileType = sourcecode.swift; path = AppDelegate.swift; sourceTree = "<group>"; };
		BD980653231E9CA9003A2C86 /* ViewController.swift */ = {isa = PBXFileReference; lastKnownFileType = sourcecode.swift; path = ViewController.swift; sourceTree = "<group>"; };
		BD980656231E9CA9003A2C86 /* Base */ = {isa = PBXFileReference; lastKnownFileType = file.storyboard; name = Base; path = Base.lproj/Main.storyboard; sourceTree = "<group>"; };
		BD980659231E9CA9003A2C86 /* BlueEffect.xcdatamodel */ = {isa = PBXFileReference; lastKnownFileType = wrapper.xcdatamodel; path = BlueEffect.xcdatamodel; sourceTree = "<group>"; };
		BD98065B231E9CAB003A2C86 /* Assets.xcassets */ = {isa = PBXFileReference; lastKnownFileType = folder.assetcatalog; path = Assets.xcassets; sourceTree = "<group>"; };
		BD98065E231E9CAB003A2C86 /* Base */ = {isa = PBXFileReference; lastKnownFileType = file.storyboard; name = Base; path = Base.lproj/LaunchScreen.storyboard; sourceTree = "<group>"; };
		BD980660231E9CAB003A2C86 /* Info.plist */ = {isa = PBXFileReference; lastKnownFileType = text.plist.xml; path = Info.plist; sourceTree = "<group>"; };
		BD980666231E9D86003A2C86 /* UIView+Blur.swift */ = {isa = PBXFileReference; lastKnownFileType = sourcecode.swift; path = "UIView+Blur.swift"; sourceTree = "<group>"; };
/* End PBXFileReference section */

/* Begin PBXFrameworksBuildPhase section */
		BD98064B231E9CA9003A2C86 /* Frameworks */ = {
			isa = PBXFrameworksBuildPhase;
			buildActionMask = 2147483647;
			files = (
			);
			runOnlyForDeploymentPostprocessing = 0;
		};
/* End PBXFrameworksBuildPhase section */

/* Begin PBXGroup section */
		BD980645231E9CA9003A2C86 = {
			isa = PBXGroup;
			children = (
				BD980668231EA113003A2C86 /* Documents */,
				BD980650231E9CA9003A2C86 /* BlueEffect */,
				BD98064F231E9CA9003A2C86 /* Products */,
			);
			sourceTree = "<group>";
		};
		BD98064F231E9CA9003A2C86 /* Products */ = {
			isa = PBXGroup;
			children = (
				BD98064E231E9CA9003A2C86 /* BlueEffect.app */,
			);
			name = Products;
			sourceTree = "<group>";
		};
		BD980650231E9CA9003A2C86 /* BlueEffect */ = {
			isa = PBXGroup;
			children = (
				BD980651231E9CA9003A2C86 /* AppDelegate.swift */,
				BD980653231E9CA9003A2C86 /* ViewController.swift */,
				BD980666231E9D86003A2C86 /* UIView+Blur.swift */,
				BD980655231E9CA9003A2C86 /* Main.storyboard */,
				BD98065B231E9CAB003A2C86 /* Assets.xcassets */,
				BD98065D231E9CAB003A2C86 /* LaunchScreen.storyboard */,
				BD980660231E9CAB003A2C86 /* Info.plist */,
				BD980658231E9CA9003A2C86 /* BlueEffect.xcdatamodeld */,
			);
			path = BlueEffect;
			sourceTree = "<group>";
		};
		BD980668231EA113003A2C86 /* Documents */ = {
			isa = PBXGroup;
			children = (
			);
			path = Documents;
			sourceTree = "<group>";
		};
/* End PBXGroup section */

/* Begin PBXNativeTarget section */
		BD98064D231E9CA9003A2C86 /* BlueEffect */ = {
			isa = PBXNativeTarget;
			buildConfigurationList = BD980663231E9CAB003A2C86 /* Build configuration list for PBXNativeTarget "BlueEffect" */;
			buildPhases = (
				BD98064A231E9CA9003A2C86 /* Sources */,
				BD98064B231E9CA9003A2C86 /* Frameworks */,
				BD98064C231E9CA9003A2C86 /* Resources */,
			);
			buildRules = (
			);
			dependencies = (
			);
			name = BlueEffect;
			productName = BlueEffect;
			productReference = BD98064E231E9CA9003A2C86 /* BlueEffect.app */;
			productType = "com.apple.product-type.application";
		};
/* End PBXNativeTarget section */

/* Begin PBXProject section */
		BD980646231E9CA9003A2C86 /* Project object */ = {
			isa = PBXProject;
			attributes = {
				LastSwiftUpdateCheck = 1030;
				LastUpgradeCheck = 1030;
				ORGANIZATIONNAME = hucet;
				TargetAttributes = {
					BD98064D231E9CA9003A2C86 = {
						CreatedOnToolsVersion = 10.3;
					};
				};
			};
			buildConfigurationList = BD980649231E9CA9003A2C86 /* Build configuration list for PBXProject "BlueEffect" */;
			compatibilityVersion = "Xcode 9.3";
			developmentRegion = en;
			hasScannedForEncodings = 0;
			knownRegions = (
				en,
				Base,
			);
			mainGroup = BD980645231E9CA9003A2C86;
			productRefGroup = BD98064F231E9CA9003A2C86 /* Products */;
			projectDirPath = "";
			projectRoot = "";
			targets = (
				BD98064D231E9CA9003A2C86 /* BlueEffect */,
			);
		};
/* End PBXProject section */

/* Begin PBXResourcesBuildPhase section */
		BD98064C231E9CA9003A2C86 /* Resources */ = {
			isa = PBXResourcesBuildPhase;
			buildActionMask = 2147483647;
			files = (
				BD98065F231E9CAB003A2C86 /* LaunchScreen.storyboard in Resources */,
				BD98065C231E9CAB003A2C86 /* Assets.xcassets in Resources */,
				BD980657231E9CA9003A2C86 /* Main.storyboard in Resources */,
			);
			runOnlyForDeploymentPostprocessing = 0;
		};
/* End PBXResourcesBuildPhase section */

/* Begin PBXSourcesBuildPhase section */
		BD98064A231E9CA9003A2C86 /* Sources */ = {
			isa = PBXSourcesBuildPhase;
			buildActionMask = 2147483647;
			files = (
				BD980654231E9CA9003A2C86 /* ViewController.swift in Sources */,
				BD980667231E9D86003A2C86 /* UIView+Blur.swift in Sources */,
				BD98065A231E9CA9003A2C86 /* BlueEffect.xcdatamodeld in Sources */,
				BD980652231E9CA9003A2C86 /* AppDelegate.swift in Sources */,
			);
			runOnlyForDeploymentPostprocessing = 0;
		};
/* End PBXSourcesBuildPhase section */

/* Begin PBXVariantGroup section */
		BD980655231E9CA9003A2C86 /* Main.storyboard */ = {
			isa = PBXVariantGroup;
			children = (
				BD980656231E9CA9003A2C86 /* Base */,
			);
			name = Main.storyboard;
			sourceTree = "<group>";
		};
		BD98065D231E9CAB003A2C86 /* LaunchScreen.storyboard */ = {
			isa = PBXVariantGroup;
			children = (
				BD98065E231E9CAB003A2C86 /* Base */,
			);
			name = LaunchScreen.storyboard;
			sourceTree = "<group>";
		};
/* End PBXVariantGroup section */

/* Begin XCBuildConfiguration section */
		BD980661231E9CAB003A2C86 /* Debug */ = {
			isa = XCBuildConfiguration;
			buildSettings = {
				ALWAYS_SEARCH_USER_PATHS = NO;
				CLANG_ANALYZER_NONNULL = YES;
				CLANG_ANALYZER_NUMBER_OBJECT_CONVERSION = YES_AGGRESSIVE;
				CLANG_CXX_LANGUAGE_STANDARD = "gnu++14";
				CLANG_CXX_LIBRARY = "libc++";
				CLANG_ENABLE_MODULES = YES;
				CLANG_ENABLE_OBJC_ARC = YES;
				CLANG_ENABLE_OBJC_WEAK = YES;
				CLANG_WARN_BLOCK_CAPTURE_AUTORELEASING = YES;
				CLANG_WARN_BOOL_CONVERSION = YES;
				CLANG_WARN_COMMA = YES;
				CLANG_WARN_CONSTANT_CONVERSION = YES;
				CLANG_WARN_DEPRECATED_OBJC_IMPLEMENTATIONS = YES;
				CLANG_WARN_DIRECT_OBJC_ISA_USAGE = YES_ERROR;
				CLANG_WARN_DOCUMENTATION_COMMENTS = YES;
				CLANG_WARN_EMPTY_BODY = YES;
				CLANG_WARN_ENUM_CONVERSION = YES;
				CLANG_WARN_INFINITE_RECURSION = YES;
				CLANG_WARN_INT_CONVERSION = YES;
				CLANG_WARN_NON_LITERAL_NULL_CONVERSION = YES;
				CLANG_WARN_OBJC_IMPLICIT_RETAIN_SELF = YES;
				CLANG_WARN_OBJC_LITERAL_CONVERSION = YES;
				CLANG_WARN_OBJC_ROOT_CLASS = YES_ERROR;
				CLANG_WARN_RANGE_LOOP_ANALYSIS = YES;
				CLANG_WARN_STRICT_PROTOTYPES = YES;
				CLANG_WARN_SUSPICIOUS_MOVE = YES;
				CLANG_WARN_UNGUARDED_AVAILABILITY = YES_AGGRESSIVE;
				CLANG_WARN_UNREACHABLE_CODE = YES;
				CLANG_WARN__DUPLICATE_METHOD_MATCH = YES;
				CODE_SIGN_IDENTITY = "iPhone Developer";
				COPY_PHASE_STRIP = NO;
				DEBUG_INFORMATION_FORMAT = dwarf;
				ENABLE_STRICT_OBJC_MSGSEND = YES;
				ENABLE_TESTABILITY = YES;
				GCC_C_LANGUAGE_STANDARD = gnu11;
				GCC_DYNAMIC_NO_PIC = NO;
				GCC_NO_COMMON_BLOCKS = YES;
				GCC_OPTIMIZATION_LEVEL = 0;
				GCC_PREPROCESSOR_DEFINITIONS = (
					"DEBUG=1",
					"$(inherited)",
				);
				GCC_WARN_64_TO_32_BIT_CONVERSION = YES;
				GCC_WARN_ABOUT_RETURN_TYPE = YES_ERROR;
				GCC_WARN_UNDECLARED_SELECTOR = YES;
				GCC_WARN_UNINITIALIZED_AUTOS = YES_AGGRESSIVE;
				GCC_WARN_UNUSED_FUNCTION = YES;
				GCC_WARN_UNUSED_VARIABLE = YES;
				IPHONEOS_DEPLOYMENT_TARGET = 12.4;
				MTL_ENABLE_DEBUG_INFO = INCLUDE_SOURCE;
				MTL_FAST_MATH = YES;
				ONLY_ACTIVE_ARCH = YES;
				SDKROOT = iphoneos;
				SWIFT_ACTIVE_COMPILATION_CONDITIONS = DEBUG;
				SWIFT_OPTIMIZATION_LEVEL = "-Onone";
			};
			name = Debug;
		};
		BD980662231E9CAB003A2C86 /* Release */ = {
			isa = XCBuildConfiguration;
			buildSettings = {
				ALWAYS_SEARCH_USER_PATHS = NO;
				CLANG_ANALYZER_NONNULL = YES;
				CLANG_ANALYZER_NUMBER_OBJECT_CONVERSION = YES_AGGRESSIVE;
				CLANG_CXX_LANGUAGE_STANDARD = "gnu++14";
				CLANG_CXX_LIBRARY = "libc++";
				CLANG_ENABLE_MODULES = YES;
				CLANG_ENABLE_OBJC_ARC = YES;
				CLANG_ENABLE_OBJC_WEAK = YES;
				CLANG_WARN_BLOCK_CAPTURE_AUTORELEASING = YES;
				CLANG_WARN_BOOL_CONVERSION = YES;
				CLANG_WARN_COMMA = YES;
				CLANG_WARN_CONSTANT_CONVERSION = YES;
				CLANG_WARN_DEPRECATED_OBJC_IMPLEMENTATIONS = YES;
				CLANG_WARN_DIRECT_OBJC_ISA_USAGE = YES_ERROR;
				CLANG_WARN_DOCUMENTATION_COMMENTS = YES;
				CLANG_WARN_EMPTY_BODY = YES;
				CLANG_WARN_ENUM_CONVERSION = YES;
				CLANG_WARN_INFINITE_RECURSION = YES;
				CLANG_WARN_INT_CONVERSION = YES;
				CLANG_WARN_NON_LITERAL_NULL_CONVERSION = YES;
				CLANG_WARN_OBJC_IMPLICIT_RETAIN_SELF = YES;
				CLANG_WARN_OBJC_LITERAL_CONVERSION = YES;
				CLANG_WARN_OBJC_ROOT_CLASS = YES_ERROR;
				CLANG_WARN_RANGE_LOOP_ANALYSIS = YES;
				CLANG_WARN_STRICT_PROTOTYPES = YES;
				CLANG_WARN_SUSPICIOUS_MOVE = YES;
				CLANG_WARN_UNGUARDED_AVAILABILITY = YES_AGGRESSIVE;
				CLANG_WARN_UNREACHABLE_CODE = YES;
				CLANG_WARN__DUPLICATE_METHOD_MATCH = YES;
				CODE_SIGN_IDENTITY = "iPhone Developer";
				COPY_PHASE_STRIP = NO;
				DEBUG_INFORMATION_FORMAT = "dwarf-with-dsym";
				ENABLE_NS_ASSERTIONS = NO;
				ENABLE_STRICT_OBJC_MSGSEND = YES;
				GCC_C_LANGUAGE_STANDARD = gnu11;
				GCC_NO_COMMON_BLOCKS = YES;
				GCC_WARN_64_TO_32_BIT_CONVERSION = YES;
				GCC_WARN_ABOUT_RETURN_TYPE = YES_ERROR;
				GCC_WARN_UNDECLARED_SELECTOR = YES;
				GCC_WARN_UNINITIALIZED_AUTOS = YES_AGGRESSIVE;
				GCC_WARN_UNUSED_FUNCTION = YES;
				GCC_WARN_UNUSED_VARIABLE = YES;
				IPHONEOS_DEPLOYMENT_TARGET = 12.4;
				MTL_ENABLE_DEBUG_INFO = NO;
				MTL_FAST_MATH = YES;
				SDKROOT = iphoneos;
				SWIFT_COMPILATION_MODE = wholemodule;
				SWIFT_OPTIMIZATION_LEVEL = "-O";
				VALIDATE_PRODUCT = YES;
			};
			name = Release;
		};
		BD980664231E9CAB003A2C86 /* Debug */ = {
			isa = XCBuildConfiguration;
			buildSettings = {
				ASSETCATALOG_COMPILER_APPICON_NAME = AppIcon;
				CODE_SIGN_STYLE = Automatic;
				DEVELOPMENT_TEAM = 576T8HK6X4;
				INFOPLIST_FILE = BlueEffect/Info.plist;
				LD_RUNPATH_SEARCH_PATHS = (
					"$(inherited)",
					"@executable_path/Frameworks",
				);
				PRODUCT_BUNDLE_IDENTIFIER = com.hucet.BlueEffect.BlueEffect;
				PRODUCT_NAME = "$(TARGET_NAME)";
				SWIFT_VERSION = 5.0;
				TARGETED_DEVICE_FAMILY = "1,2";
			};
			name = Debug;
		};
		BD980665231E9CAB003A2C86 /* Release */ = {
			isa = XCBuildConfiguration;
			buildSettings = {
				ASSETCATALOG_COMPILER_APPICON_NAME = AppIcon;
				CODE_SIGN_STYLE = Automatic;
				DEVELOPMENT_TEAM = 576T8HK6X4;
				INFOPLIST_FILE = BlueEffect/Info.plist;
				LD_RUNPATH_SEARCH_PATHS = (
					"$(inherited)",
					"@executable_path/Frameworks",
				);
				PRODUCT_BUNDLE_IDENTIFIER = com.hucet.BlueEffect.BlueEffect;
				PRODUCT_NAME = "$(TARGET_NAME)";
				SWIFT_VERSION = 5.0;
				TARGETED_DEVICE_FAMILY = "1,2";
			};
			name = Release;
		};
/* End XCBuildConfiguration section */

/* Begin XCConfigurationList section */
		BD980649231E9CA9003A2C86 /* Build configuration list for PBXProject "BlueEffect" */ = {
			isa = XCConfigurationList;
			buildConfigurations = (
				BD980661231E9CAB003A2C86 /* Debug */,
				BD980662231E9CAB003A2C86 /* Release */,
			);
			defaultConfigurationIsVisible = 0;
			defaultConfigurationName = Release;
		};
		BD980663231E9CAB003A2C86 /* Build configuration list for PBXNativeTarget "BlueEffect" */ = {
			isa = XCConfigurationList;
			buildConfigurations = (
				BD980664231E9CAB003A2C86 /* Debug */,
				BD980665231E9CAB003A2C86 /* Release */,
			);
			defaultConfigurationIsVisible = 0;
			defaultConfigurationName = Release;
		};
/* End XCConfigurationList section */

/* Begin XCVersionGroup section */
		BD980658231E9CA9003A2C86 /* BlueEffect.xcdatamodeld */ = {
			isa = XCVersionGroup;
			children = (
				BD980659231E9CA9003A2C86 /* BlueEffect.xcdatamodel */,
			);
			currentVersion = BD980659231E9CA9003A2C86 /* BlueEffect.xcdatamodel */;
			path = BlueEffect.xcdatamodeld;
			sourceTree = "<group>";
			versionGroupType = wrapper.xcdatamodel;
		};
/* End XCVersionGroup section */
	};
	rootObject = BD980646231E9CA9003A2C86 /* Project object */;
}
